
Microsoft Visual Studio Solution File, Format Version 12.00
# Visual Studio 2015
Project("{FAE04EC0-301F-11D3-BF4B-00C04F79EFBC}") = "X-Invaders.CSharp.Plugins", "X-Invaders.CSharp.Plugins.csproj", "{CDED57CC-8949-7F9B-5687-C77ACBE4A74C}"
EndProject
Project("{FAE04EC0-301F-11D3-BF4B-00C04F79EFBC}") = "X-Invaders.CSharp", "X-Invaders.CSharp.csproj", "{35B2C760-09AB-835C-28F8-3399D031546F}"
EndProject
Global
	GlobalSection(SolutionConfigurationPlatforms) = preSolution
		Debug|Any CPU = Debug|Any CPU
		Release|Any CPU = Release|Any CPU
	EndGlobalSection
	GlobalSection(ProjectConfigurationPlatforms) = postSolution
		{CDED57CC-8949-7F9B-5687-C77ACBE4A74C}.Debug|Any CPU.ActiveCfg = Debug|Any CPU
		{CDED57CC-8949-7F9B-5687-C77ACBE4A74C}.Debug|Any CPU.Build.0 = Debug|Any CPU
		{CDED57CC-8949-7F9B-5687-C77ACBE4A74C}.Release|Any CPU.ActiveCfg = Release|Any CPU
		{CDED57CC-8949-7F9B-5687-C77ACBE4A74C}.Release|Any CPU.Build.0 = Release|Any CPU
		{35B2C760-09AB-835C-28F8-3399D031546F}.Debug|Any CPU.ActiveCfg = Debug|Any CPU
		{35B2C760-09AB-835C-28F8-3399D031546F}.Debug|Any CPU.Build.0 = Debug|Any CPU
		{35B2C760-09AB-835C-28F8-3399D031546F}.Release|Any CPU.ActiveCfg = Release|Any CPU
		{35B2C760-09AB-835C-28F8-3399D031546F}.Release|Any CPU.Build.0 = Release|Any CPU
	EndGlobalSection
	GlobalSection(SolutionProperties) = preSolution
		HideSolutionNode = FALSE
	EndGlobalSection
EndGlobal
